
Microsoft Visual Studio Solution File, Format Version 12.00
# Visual Studio Express 14 for Windows Desktop
VisualStudioVersion = 14.0.24720.0
MinimumVisualStudioVersion = 10.0.40219.1
Project("{FAE04EC0-301F-11D3-BF4B-00C04F79EFBC}") = "DatabasePackedFileViewer", "DatabasePackedFileViewer\DatabasePackedFileViewer.csproj", "{9A217B2A-36B1-4A97-8578-4F7B35E9D0F0}"
EndProject
Project("{FAE04EC0-301F-11D3-BF4B-00C04F79EFBC}") = "DBPF", "DBPF\DBPF.csproj", "{12A0D64F-8646-454A-A654-F58E210FA171}"
EndProject
Project("{FAE04EC0-301F-11D3-BF4B-00C04F79EFBC}") = "ConsoleApplication1", "ConsoleApplication1\ConsoleApplication1.csproj", "{E2AB8762-4ACB-48AA-85CB-1DE391A45D9B}"
EndProject
Project("{FAE04EC0-301F-11D3-BF4B-00C04F79EFBC}") = "Sc4Network", "Sc4Network\Sc4Network.csproj", "{E4A38C77-84BC-4CDE-8C0A-1BE603A265B3}"
EndProject
Project("{FAE04EC0-301F-11D3-BF4B-00C04F79EFBC}") = "GenUtils", "GenUtils\GenUtils.csproj", "{8100A14F-B0CC-41EF-8D44-42794A160886}"
EndProject
Global
	GlobalSection(SolutionConfigurationPlatforms) = preSolution
		Debug|Any CPU = Debug|Any CPU
		Release|Any CPU = Release|Any CPU
	EndGlobalSection
	GlobalSection(ProjectConfigurationPlatforms) = postSolution
		{9A217B2A-36B1-4A97-8578-4F7B35E9D0F0}.Debug|Any CPU.ActiveCfg = Debug|Any CPU
		{9A217B2A-36B1-4A97-8578-4F7B35E9D0F0}.Debug|Any CPU.Build.0 = Debug|Any CPU
		{9A217B2A-36B1-4A97-8578-4F7B35E9D0F0}.Release|Any CPU.ActiveCfg = Release|Any CPU
		{9A217B2A-36B1-4A97-8578-4F7B35E9D0F0}.Release|Any CPU.Build.0 = Release|Any CPU
		{12A0D64F-8646-454A-A654-F58E210FA171}.Debug|Any CPU.ActiveCfg = Debug|Any CPU
		{12A0D64F-8646-454A-A654-F58E210FA171}.Debug|Any CPU.Build.0 = Debug|Any CPU
		{12A0D64F-8646-454A-A654-F58E210FA171}.Release|Any CPU.ActiveCfg = Release|Any CPU
		{12A0D64F-8646-454A-A654-F58E210FA171}.Release|Any CPU.Build.0 = Release|Any CPU
		{E2AB8762-4ACB-48AA-85CB-1DE391A45D9B}.Debug|Any CPU.ActiveCfg = Debug|Any CPU
		{E2AB8762-4ACB-48AA-85CB-1DE391A45D9B}.Debug|Any CPU.Build.0 = Debug|Any CPU
		{E2AB8762-4ACB-48AA-85CB-1DE391A45D9B}.Release|Any CPU.ActiveCfg = Release|Any CPU
		{E2AB8762-4ACB-48AA-85CB-1DE391A45D9B}.Release|Any CPU.Build.0 = Release|Any CPU
		{E4A38C77-84BC-4CDE-8C0A-1BE603A265B3}.Debug|Any CPU.ActiveCfg = Debug|Any CPU
		{E4A38C77-84BC-4CDE-8C0A-1BE603A265B3}.Debug|Any CPU.Build.0 = Debug|Any CPU
		{E4A38C77-84BC-4CDE-8C0A-1BE603A265B3}.Release|Any CPU.ActiveCfg = Release|Any CPU
		{E4A38C77-84BC-4CDE-8C0A-1BE603A265B3}.Release|Any CPU.Build.0 = Release|Any CPU
		{8100A14F-B0CC-41EF-8D44-42794A160886}.Debug|Any CPU.ActiveCfg = Debug|Any CPU
		{8100A14F-B0CC-41EF-8D44-42794A160886}.Debug|Any CPU.Build.0 = Debug|Any CPU
		{8100A14F-B0CC-41EF-8D44-42794A160886}.Release|Any CPU.ActiveCfg = Release|Any CPU
		{8100A14F-B0CC-41EF-8D44-42794A160886}.Release|Any CPU.Build.0 = Release|Any CPU
	EndGlobalSection
	GlobalSection(SolutionProperties) = preSolution
		HideSolutionNode = FALSE
	EndGlobalSection
EndGlobal
